
Microsoft Visual Studio Solution File, Format Version 11.00
# Visual Studio 2010
Project("{FAE04EC0-301F-11D3-BF4B-00C04F79EFBC}") = "Assembly-CSharp", "Assembly-CSharp.csproj", "{109c0739-1822-ec9a-7aa7-e517d9f1d3f6}"
EndProject
Project("{FAE04EC0-301F-11D3-BF4B-00C04F79EFBC}") = "Assembly-CSharp-Editor", "Assembly-CSharp-Editor.csproj", "{c212cece-305e-e217-5405-614d1808f661}"
EndProject
Global
	GlobalSection(SolutionConfigurationPlatforms) = preSolution
		Debug|Any CPU = Debug|Any CPU
		Release|Any CPU = Release|Any CPU
	EndGlobalSection
	GlobalSection(ProjectConfigurationPlatforms) = postSolution
		{109c0739-1822-ec9a-7aa7-e517d9f1d3f6}.Debug|Any CPU.ActiveCfg = Debug|Any CPU
		{109c0739-1822-ec9a-7aa7-e517d9f1d3f6}.Debug|Any CPU.Build.0 = Debug|Any CPU
		{109c0739-1822-ec9a-7aa7-e517d9f1d3f6}.Release|Any CPU.ActiveCfg = Release|Any CPU
		{109c0739-1822-ec9a-7aa7-e517d9f1d3f6}.Release|Any CPU.Build.0 = Release|Any CPU
		{c212cece-305e-e217-5405-614d1808f661}.Debug|Any CPU.ActiveCfg = Debug|Any CPU
		{c212cece-305e-e217-5405-614d1808f661}.Debug|Any CPU.Build.0 = Debug|Any CPU
		{c212cece-305e-e217-5405-614d1808f661}.Release|Any CPU.ActiveCfg = Release|Any CPU
		{c212cece-305e-e217-5405-614d1808f661}.Release|Any CPU.Build.0 = Release|Any CPU
	EndGlobalSection
	GlobalSection(SolutionProperties) = preSolution
		HideSolutionNode = FALSE
	EndGlobalSection
EndGlobal
